{
  "name": "myTvbox",
  "lockfileVersion": 3,
  "requires": true,
  "packages": {
    "": {
      "dependencies": {
        "jsonrepair": "^3.8.1"
      }
    },
    "node_modules/jsonrepair": {
      "version": "3.8.1",
      "resolved": "https://registry.npmjs.org/jsonrepair/-/jsonrepair-3.8.1.tgz",
      "integrity": "sha512-5wnjaO53EJOhfLFY92nvBz2B9gqF9ql/D4HKUb1WOSBaqtVcAifFfmurblnhCJn/ySqKFA8U3n7nhGMAu/hEjQ==",
      "bin": {
        "jsonrepair": "bin/cli.js"
      }
    }
  }
}
